
Microsoft Visual Studio Solution File, Format Version 12.00
# Visual Studio Version 17
VisualStudioVersion = 17.5.33530.505
MinimumVisualStudioVersion = 10.0.40219.1
Project("{FAE04EC0-301F-11D3-BF4B-00C04F79EFBC}") = "App5.Android", "App5\App5.Android\App5.Android.csproj", "{EC2FF43F-A14B-4EDC-AD41-EBF2FA1A6F9F}"
EndProject
Project("{FAE04EC0-301F-11D3-BF4B-00C04F79EFBC}") = "App5.iOS", "App5\App5.iOS\App5.iOS.csproj", "{4A3552DD-8E03-4B2E-9991-7260F9DC48AF}"
EndProject
Project("{FAE04EC0-301F-11D3-BF4B-00C04F79EFBC}") = "App5", "App5\App5\App5.csproj", "{0ECAEAF1-16A8-48B0-80D6-496144002F2F}"
EndProject
Global
	GlobalSection(SolutionConfigurationPlatforms) = preSolution
		Debug|Any CPU = Debug|Any CPU
		Debug|iPhone = Debug|iPhone
		Debug|iPhoneSimulator = Debug|iPhoneSimulator
		Release|Any CPU = Release|Any CPU
		Release|iPhone = Release|iPhone
		Release|iPhoneSimulator = Release|iPhoneSimulator
	EndGlobalSection
	GlobalSection(ProjectConfigurationPlatforms) = postSolution
		{EC2FF43F-A14B-4EDC-AD41-EBF2FA1A6F9F}.Debug|Any CPU.ActiveCfg = Debug|Any CPU
		{EC2FF43F-A14B-4EDC-AD41-EBF2FA1A6F9F}.Debug|Any CPU.Build.0 = Debug|Any CPU
		{EC2FF43F-A14B-4EDC-AD41-EBF2FA1A6F9F}.Debug|Any CPU.Deploy.0 = Debug|Any CPU
		{EC2FF43F-A14B-4EDC-AD41-EBF2FA1A6F9F}.Debug|iPhone.ActiveCfg = Debug|Any CPU
		{EC2FF43F-A14B-4EDC-AD41-EBF2FA1A6F9F}.Debug|iPhone.Build.0 = Debug|Any CPU
		{EC2FF43F-A14B-4EDC-AD41-EBF2FA1A6F9F}.Debug|iPhone.Deploy.0 = Debug|Any CPU
		{EC2FF43F-A14B-4EDC-AD41-EBF2FA1A6F9F}.Debug|iPhoneSimulator.ActiveCfg = Debug|Any CPU
		{EC2FF43F-A14B-4EDC-AD41-EBF2FA1A6F9F}.Debug|iPhoneSimulator.Build.0 = Debug|Any CPU
		{EC2FF43F-A14B-4EDC-AD41-EBF2FA1A6F9F}.Debug|iPhoneSimulator.Deploy.0 = Debug|Any CPU
		{EC2FF43F-A14B-4EDC-AD41-EBF2FA1A6F9F}.Release|Any CPU.ActiveCfg = Release|Any CPU
		{EC2FF43F-A14B-4EDC-AD41-EBF2FA1A6F9F}.Release|Any CPU.Build.0 = Release|Any CPU
		{EC2FF43F-A14B-4EDC-AD41-EBF2FA1A6F9F}.Release|Any CPU.Deploy.0 = Release|Any CPU
		{EC2FF43F-A14B-4EDC-AD41-EBF2FA1A6F9F}.Release|iPhone.ActiveCfg = Release|Any CPU
		{EC2FF43F-A14B-4EDC-AD41-EBF2FA1A6F9F}.Release|iPhone.Build.0 = Release|Any CPU
		{EC2FF43F-A14B-4EDC-AD41-EBF2FA1A6F9F}.Release|iPhone.Deploy.0 = Release|Any CPU
		{EC2FF43F-A14B-4EDC-AD41-EBF2FA1A6F9F}.Release|iPhoneSimulator.ActiveCfg = Release|Any CPU
		{EC2FF43F-A14B-4EDC-AD41-EBF2FA1A6F9F}.Release|iPhoneSimulator.Build.0 = Release|Any CPU
		{EC2FF43F-A14B-4EDC-AD41-EBF2FA1A6F9F}.Release|iPhoneSimulator.Deploy.0 = Release|Any CPU
		{4A3552DD-8E03-4B2E-9991-7260F9DC48AF}.Debug|Any CPU.ActiveCfg = Debug|iPhone
		{4A3552DD-8E03-4B2E-9991-7260F9DC48AF}.Debug|Any CPU.Build.0 = Debug|iPhone
		{4A3552DD-8E03-4B2E-9991-7260F9DC48AF}.Debug|Any CPU.Deploy.0 = Debug|iPhone
		{4A3552DD-8E03-4B2E-9991-7260F9DC48AF}.Debug|iPhone.ActiveCfg = Debug|iPhone
		{4A3552DD-8E03-4B2E-9991-7260F9DC48AF}.Debug|iPhone.Build.0 = Debug|iPhone
		{4A3552DD-8E03-4B2E-9991-7260F9DC48AF}.Debug|iPhone.Deploy.0 = Debug|iPhone
		{4A3552DD-8E03-4B2E-9991-7260F9DC48AF}.Debug|iPhoneSimulator.ActiveCfg = Debug|iPhoneSimulator
		{4A3552DD-8E03-4B2E-9991-7260F9DC48AF}.Debug|iPhoneSimulator.Build.0 = Debug|iPhoneSimulator
		{4A3552DD-8E03-4B2E-9991-7260F9DC48AF}.Debug|iPhoneSimulator.Deploy.0 = Debug|iPhoneSimulator
		{4A3552DD-8E03-4B2E-9991-7260F9DC48AF}.Release|Any CPU.ActiveCfg = Release|iPhoneSimulator
		{4A3552DD-8E03-4B2E-9991-7260F9DC48AF}.Release|Any CPU.Build.0 = Release|iPhoneSimulator
		{4A3552DD-8E03-4B2E-9991-7260F9DC48AF}.Release|Any CPU.Deploy.0 = Release|iPhoneSimulator
		{4A3552DD-8E03-4B2E-9991-7260F9DC48AF}.Release|iPhone.ActiveCfg = Release|iPhone
		{4A3552DD-8E03-4B2E-9991-7260F9DC48AF}.Release|iPhone.Build.0 = Release|iPhone
		{4A3552DD-8E03-4B2E-9991-7260F9DC48AF}.Release|iPhone.Deploy.0 = Release|iPhone
		{4A3552DD-8E03-4B2E-9991-7260F9DC48AF}.Release|iPhoneSimulator.ActiveCfg = Release|iPhoneSimulator
		{4A3552DD-8E03-4B2E-9991-7260F9DC48AF}.Release|iPhoneSimulator.Build.0 = Release|iPhoneSimulator
		{4A3552DD-8E03-4B2E-9991-7260F9DC48AF}.Release|iPhoneSimulator.Deploy.0 = Release|iPhoneSimulator
		{0ECAEAF1-16A8-48B0-80D6-496144002F2F}.Debug|Any CPU.ActiveCfg = Debug|Any CPU
		{0ECAEAF1-16A8-48B0-80D6-496144002F2F}.Debug|Any CPU.Build.0 = Debug|Any CPU
		{0ECAEAF1-16A8-48B0-80D6-496144002F2F}.Debug|Any CPU.Deploy.0 = Debug|Any CPU
		{0ECAEAF1-16A8-48B0-80D6-496144002F2F}.Debug|iPhone.ActiveCfg = Debug|Any CPU
		{0ECAEAF1-16A8-48B0-80D6-496144002F2F}.Debug|iPhone.Build.0 = Debug|Any CPU
		{0ECAEAF1-16A8-48B0-80D6-496144002F2F}.Debug|iPhone.Deploy.0 = Debug|Any CPU
		{0ECAEAF1-16A8-48B0-80D6-496144002F2F}.Debug|iPhoneSimulator.ActiveCfg = Debug|Any CPU
		{0ECAEAF1-16A8-48B0-80D6-496144002F2F}.Debug|iPhoneSimulator.Build.0 = Debug|Any CPU
		{0ECAEAF1-16A8-48B0-80D6-496144002F2F}.Debug|iPhoneSimulator.Deploy.0 = Debug|Any CPU
		{0ECAEAF1-16A8-48B0-80D6-496144002F2F}.Release|Any CPU.ActiveCfg = Release|Any CPU
		{0ECAEAF1-16A8-48B0-80D6-496144002F2F}.Release|Any CPU.Build.0 = Release|Any CPU
		{0ECAEAF1-16A8-48B0-80D6-496144002F2F}.Release|Any CPU.Deploy.0 = Release|Any CPU
		{0ECAEAF1-16A8-48B0-80D6-496144002F2F}.Release|iPhone.ActiveCfg = Release|Any CPU
		{0ECAEAF1-16A8-48B0-80D6-496144002F2F}.Release|iPhone.Build.0 = Release|Any CPU
		{0ECAEAF1-16A8-48B0-80D6-496144002F2F}.Release|iPhone.Deploy.0 = Release|Any CPU
		{0ECAEAF1-16A8-48B0-80D6-496144002F2F}.Release|iPhoneSimulator.ActiveCfg = Release|Any CPU
		{0ECAEAF1-16A8-48B0-80D6-496144002F2F}.Release|iPhoneSimulator.Build.0 = Release|Any CPU
		{0ECAEAF1-16A8-48B0-80D6-496144002F2F}.Release|iPhoneSimulator.Deploy.0 = Release|Any CPU
	EndGlobalSection
	GlobalSection(SolutionProperties) = preSolution
		HideSolutionNode = FALSE
	EndGlobalSection
	GlobalSection(ExtensibilityGlobals) = postSolution
		SolutionGuid = {78525C63-3C08-406E-ABE6-1A288E75EB43}
	EndGlobalSection
EndGlobal
